// !$*UTF8*$!
{
	archiveVersion = 1;
	classes = {
	};
	objectVersion = 50;
	objects = {

/* Begin PBXBuildFile section */
		719483F3244F16640017BFBB /* AppDelegate.swift in Sources */ = {isa = PBXBuildFile; fileRef = 719483F2244F16640017BFBB /* AppDelegate.swift */; };
		719483F5244F16640017BFBB /* SceneDelegate.swift in Sources */ = {isa = PBXBuildFile; fileRef = 719483F4244F16640017BFBB /* SceneDelegate.swift */; };
		719483F7244F16640017BFBB /* ViewController.swift in Sources */ = {isa = PBXBuildFile; fileRef = 719483F6244F16640017BFBB /* ViewController.swift */; };
		719483FA244F16640017BFBB /* Main.storyboard in Resources */ = {isa = PBXBuildFile; fileRef = 719483F8244F16640017BFBB /* Main.storyboard */; };
		719483FC244F166C0017BFBB /* Assets.xcassets in Resources */ = {isa = PBXBuildFile; fileRef = 719483FB244F166C0017BFBB /* Assets.xcassets */; };
		719483FF244F166C0017BFBB /* LaunchScreen.storyboard in Resources */ = {isa = PBXBuildFile; fileRef = 719483FD244F166C0017BFBB /* LaunchScreen.storyboard */; };
		71948407244F16BC0017BFBB /* NetworkingManager.swift in Sources */ = {isa = PBXBuildFile; fileRef = 71948406244F16BC0017BFBB /* NetworkingManager.swift */; };
/* End PBXBuildFile section */

/* Begin PBXFileReference section */
		719483EF244F16640017BFBB /* Projekt ING.app */ = {isa = PBXFileReference; explicitFileType = wrapper.application; includeInIndex = 0; path = "Projekt ING.app"; sourceTree = BUILT_PRODUCTS_DIR; };
		719483F2244F16640017BFBB /* AppDelegate.swift */ = {isa = PBXFileReference; lastKnownFileType = sourcecode.swift; path = AppDelegate.swift; sourceTree = "<group>"; };
		719483F4244F16640017BFBB /* SceneDelegate.swift */ = {isa = PBXFileReference; lastKnownFileType = sourcecode.swift; path = SceneDelegate.swift; sourceTree = "<group>"; };
		719483F6244F16640017BFBB /* ViewController.swift */ = {isa = PBXFileReference; lastKnownFileType = sourcecode.swift; path = ViewController.swift; sourceTree = "<group>"; };
		719483F9244F16640017BFBB /* Base */ = {isa = PBXFileReference; lastKnownFileType = file.storyboard; name = Base; path = Base.lproj/Main.storyboard; sourceTree = "<group>"; };
		719483FB244F166C0017BFBB /* Assets.xcassets */ = {isa = PBXFileReference; lastKnownFileType = folder.assetcatalog; path = Assets.xcassets; sourceTree = "<group>"; };
		719483FE244F166C0017BFBB /* Base */ = {isa = PBXFileReference; lastKnownFileType = file.storyboard; name = Base; path = Base.lproj/LaunchScreen.storyboard; sourceTree = "<group>"; };
		71948400244F166C0017BFBB /* Info.plist */ = {isa = PBXFileReference; lastKnownFileType = text.plist.xml; path = Info.plist; sourceTree = "<group>"; };
		71948406244F16BC0017BFBB /* NetworkingManager.swift */ = {isa = PBXFileReference; lastKnownFileType = sourcecode.swift; path = NetworkingManager.swift; sourceTree = "<group>"; };
/* End PBXFileReference section */

/* Begin PBXFrameworksBuildPhase section */
		719483EC244F16640017BFBB /* Frameworks */ = {
			isa = PBXFrameworksBuildPhase;
			buildActionMask = 2147483647;
			files = (
			);
			runOnlyForDeploymentPostprocessing = 0;
		};
/* End PBXFrameworksBuildPhase section */

/* Begin PBXGroup section */
		719483E6244F16640017BFBB = {
			isa = PBXGroup;
			children = (
				719483F1244F16640017BFBB /* Projekt-ING */,
				719483F0244F16640017BFBB /* Products */,
			);
			sourceTree = "<group>";
		};
		719483F0244F16640017BFBB /* Products */ = {
			isa = PBXGroup;
			children = (
				719483EF244F16640017BFBB /* Projekt ING.app */,
			);
			name = Products;
			sourceTree = "<group>";
		};
		719483F1244F16640017BFBB /* Projekt-ING */ = {
			isa = PBXGroup;
			children = (
				719483F2244F16640017BFBB /* AppDelegate.swift */,
				719483F4244F16640017BFBB /* SceneDelegate.swift */,
				719483F6244F16640017BFBB /* ViewController.swift */,
				71948406244F16BC0017BFBB /* NetworkingManager.swift */,
				719483F8244F16640017BFBB /* Main.storyboard */,
				719483FB244F166C0017BFBB /* Assets.xcassets */,
				719483FD244F166C0017BFBB /* LaunchScreen.storyboard */,
				71948400244F166C0017BFBB /* Info.plist */,
			);
			path = "Projekt-ING";
			sourceTree = "<group>";
		};
/* End PBXGroup section */

/* Begin PBXNativeTarget section */
		719483EE244F16640017BFBB /* Projekt-ING */ = {
			isa = PBXNativeTarget;
			buildConfigurationList = 71948403244F166C0017BFBB /* Build configuration list for PBXNativeTarget "Projekt-ING" */;
			buildPhases = (
				719483EB244F16640017BFBB /* Sources */,
				719483EC244F16640017BFBB /* Frameworks */,
				719483ED244F16640017BFBB /* Resources */,
			);
			buildRules = (
			);
			dependencies = (
			);
			name = "Projekt-ING";
			productName = "Projekt-ING";
			productReference = 719483EF244F16640017BFBB /* Projekt ING.app */;
			productType = "com.apple.product-type.application";
		};
/* End PBXNativeTarget section */

/* Begin PBXProject section */
		719483E7244F16640017BFBB /* Project object */ = {
			isa = PBXProject;
			attributes = {
				LastSwiftUpdateCheck = 1140;
				LastUpgradeCheck = 1140;
				ORGANIZATIONNAME = "Konrad Rybicki";
				TargetAttributes = {
					719483EE244F16640017BFBB = {
						CreatedOnToolsVersion = 11.4;
					};
				};
			};
			buildConfigurationList = 719483EA244F16640017BFBB /* Build configuration list for PBXProject "Projekt-ING" */;
			compatibilityVersion = "Xcode 9.3";
			developmentRegion = en;
			hasScannedForEncodings = 0;
			knownRegions = (
				en,
				Base,
			);
			mainGroup = 719483E6244F16640017BFBB;
			productRefGroup = 719483F0244F16640017BFBB /* Products */;
			projectDirPath = "";
			projectRoot = "";
			targets = (
				719483EE244F16640017BFBB /* Projekt-ING */,
			);
		};
/* End PBXProject section */

/* Begin PBXResourcesBuildPhase section */
		719483ED244F16640017BFBB /* Resources */ = {
			isa = PBXResourcesBuildPhase;
			buildActionMask = 2147483647;
			files = (
				719483FF244F166C0017BFBB /* LaunchScreen.storyboard in Resources */,
				719483FC244F166C0017BFBB /* Assets.xcassets in Resources */,
				719483FA244F16640017BFBB /* Main.storyboard in Resources */,
			);
			runOnlyForDeploymentPostprocessing = 0;
		};
/* End PBXResourcesBuildPhase section */

/* Begin PBXSourcesBuildPhase section */
		719483EB244F16640017BFBB /* Sources */ = {
			isa = PBXSourcesBuildPhase;
			buildActionMask = 2147483647;
			files = (
				719483F7244F16640017BFBB /* ViewController.swift in Sources */,
				71948407244F16BC0017BFBB /* NetworkingManager.swift in Sources */,
				719483F3244F16640017BFBB /* AppDelegate.swift in Sources */,
				719483F5244F16640017BFBB /* SceneDelegate.swift in Sources */,
			);
			runOnlyForDeploymentPostprocessing = 0;
		};
/* End PBXSourcesBuildPhase section */

/* Begin PBXVariantGroup section */
		719483F8244F16640017BFBB /* Main.storyboard */ = {
			isa = PBXVariantGroup;
			children = (
				719483F9244F16640017BFBB /* Base */,
			);
			name = Main.storyboard;
			sourceTree = "<group>";
		};
		719483FD244F166C0017BFBB /* LaunchScreen.storyboard */ = {
			isa = PBXVariantGroup;
			children = (
				719483FE244F166C0017BFBB /* Base */,
			);
			name = LaunchScreen.storyboard;
			sourceTree = "<group>";
		};
/* End PBXVariantGroup section */

/* Begin XCBuildConfiguration section */
		71948401244F166C0017BFBB /* Debug */ = {
			isa = XCBuildConfiguration;
			buildSettings = {
				ALWAYS_SEARCH_USER_PATHS = NO;
				CLANG_ANALYZER_NONNULL = YES;
				CLANG_ANALYZER_NUMBER_OBJECT_CONVERSION = YES_AGGRESSIVE;
				CLANG_CXX_LANGUAGE_STANDARD = "gnu++14";
				CLANG_CXX_LIBRARY = "libc++";
				CLANG_ENABLE_MODULES = YES;
				CLANG_ENABLE_OBJC_ARC = YES;
				CLANG_ENABLE_OBJC_WEAK = YES;
				CLANG_WARN_BLOCK_CAPTURE_AUTORELEASING = YES;
				CLANG_WARN_BOOL_CONVERSION = YES;
				CLANG_WARN_COMMA = YES;
				CLANG_WARN_CONSTANT_CONVERSION = YES;
				CLANG_WARN_DEPRECATED_OBJC_IMPLEMENTATIONS = YES;
				CLANG_WARN_DIRECT_OBJC_ISA_USAGE = YES_ERROR;
				CLANG_WARN_DOCUMENTATION_COMMENTS = YES;
				CLANG_WARN_EMPTY_BODY = YES;
				CLANG_WARN_ENUM_CONVERSION = YES;
				CLANG_WARN_INFINITE_RECURSION = YES;
				CLANG_WARN_INT_CONVERSION = YES;
				CLANG_WARN_NON_LITERAL_NULL_CONVERSION = YES;
				CLANG_WARN_OBJC_IMPLICIT_RETAIN_SELF = YES;
				CLANG_WARN_OBJC_LITERAL_CONVERSION = YES;
				CLANG_WARN_OBJC_ROOT_CLASS = YES_ERROR;
				CLANG_WARN_RANGE_LOOP_ANALYSIS = YES;
				CLANG_WARN_STRICT_PROTOTYPES = YES;
				CLANG_WARN_SUSPICIOUS_MOVE = YES;
				CLANG_WARN_UNGUARDED_AVAILABILITY = YES_AGGRESSIVE;
				CLANG_WARN_UNREACHABLE_CODE = YES;
				CLANG_WARN__DUPLICATE_METHOD_MATCH = YES;
				COPY_PHASE_STRIP = NO;
				DEBUG_INFORMATION_FORMAT = dwarf;
				ENABLE_STRICT_OBJC_MSGSEND = YES;
				ENABLE_TESTABILITY = YES;
				GCC_C_LANGUAGE_STANDARD = gnu11;
				GCC_DYNAMIC_NO_PIC = NO;
				GCC_NO_COMMON_BLOCKS = YES;
				GCC_OPTIMIZATION_LEVEL = 0;
				GCC_PREPROCESSOR_DEFINITIONS = (
					"DEBUG=1",
					"$(inherited)",
				);
				GCC_WARN_64_TO_32_BIT_CONVERSION = YES;
				GCC_WARN_ABOUT_RETURN_TYPE = YES_ERROR;
				GCC_WARN_UNDECLARED_SELECTOR = YES;
				GCC_WARN_UNINITIALIZED_AUTOS = YES_AGGRESSIVE;
				GCC_WARN_UNUSED_FUNCTION = YES;
				GCC_WARN_UNUSED_VARIABLE = YES;
				IPHONEOS_DEPLOYMENT_TARGET = 13.4;
				MTL_ENABLE_DEBUG_INFO = INCLUDE_SOURCE;
				MTL_FAST_MATH = YES;
				ONLY_ACTIVE_ARCH = YES;
				SDKROOT = iphoneos;
				SWIFT_ACTIVE_COMPILATION_CONDITIONS = DEBUG;
				SWIFT_OPTIMIZATION_LEVEL = "-Onone";
			};
			name = Debug;
		};
		71948402244F166C0017BFBB /* Release */ = {
			isa = XCBuildConfiguration;
			buildSettings = {
				ALWAYS_SEARCH_USER_PATHS = NO;
				CLANG_ANALYZER_NONNULL = YES;
				CLANG_ANALYZER_NUMBER_OBJECT_CONVERSION = YES_AGGRESSIVE;
				CLANG_CXX_LANGUAGE_STANDARD = "gnu++14";
				CLANG_CXX_LIBRARY = "libc++";
				CLANG_ENABLE_MODULES = YES;
				CLANG_ENABLE_OBJC_ARC = YES;
				CLANG_ENABLE_OBJC_WEAK = YES;
				CLANG_WARN_BLOCK_CAPTURE_AUTORELEASING = YES;
				CLANG_WARN_BOOL_CONVERSION = YES;
				CLANG_WARN_COMMA = YES;
				CLANG_WARN_CONSTANT_CONVERSION = YES;
				CLANG_WARN_DEPRECATED_OBJC_IMPLEMENTATIONS = YES;
				CLANG_WARN_DIRECT_OBJC_ISA_USAGE = YES_ERROR;
				CLANG_WARN_DOCUMENTATION_COMMENTS = YES;
				CLANG_WARN_EMPTY_BODY = YES;
				CLANG_WARN_ENUM_CONVERSION = YES;
				CLANG_WARN_INFINITE_RECURSION = YES;
				CLANG_WARN_INT_CONVERSION = YES;
				CLANG_WARN_NON_LITERAL_NULL_CONVERSION = YES;
				CLANG_WARN_OBJC_IMPLICIT_RETAIN_SELF = YES;
				CLANG_WARN_OBJC_LITERAL_CONVERSION = YES;
				CLANG_WARN_OBJC_ROOT_CLASS = YES_ERROR;
				CLANG_WARN_RANGE_LOOP_ANALYSIS = YES;
				CLANG_WARN_STRICT_PROTOTYPES = YES;
				CLANG_WARN_SUSPICIOUS_MOVE = YES;
				CLANG_WARN_UNGUARDED_AVAILABILITY = YES_AGGRESSIVE;
				CLANG_WARN_UNREACHABLE_CODE = YES;
				CLANG_WARN__DUPLICATE_METHOD_MATCH = YES;
				COPY_PHASE_STRIP = NO;
				DEBUG_INFORMATION_FORMAT = "dwarf-with-dsym";
				ENABLE_NS_ASSERTIONS = NO;
				ENABLE_STRICT_OBJC_MSGSEND = YES;
				GCC_C_LANGUAGE_STANDARD = gnu11;
				GCC_NO_COMMON_BLOCKS = YES;
				GCC_WARN_64_TO_32_BIT_CONVERSION = YES;
				GCC_WARN_ABOUT_RETURN_TYPE = YES_ERROR;
				GCC_WARN_UNDECLARED_SELECTOR = YES;
				GCC_WARN_UNINITIALIZED_AUTOS = YES_AGGRESSIVE;
				GCC_WARN_UNUSED_FUNCTION = YES;
				GCC_WARN_UNUSED_VARIABLE = YES;
				IPHONEOS_DEPLOYMENT_TARGET = 13.4;
				MTL_ENABLE_DEBUG_INFO = NO;
				MTL_FAST_MATH = YES;
				SDKROOT = iphoneos;
				SWIFT_COMPILATION_MODE = wholemodule;
				SWIFT_OPTIMIZATION_LEVEL = "-O";
				VALIDATE_PRODUCT = YES;
			};
			name = Release;
		};
		71948404244F166C0017BFBB /* Debug */ = {
			isa = XCBuildConfiguration;
			buildSettings = {
				ASSETCATALOG_COMPILER_APPICON_NAME = AppIcon;
				CODE_SIGN_STYLE = Automatic;
				DEVELOPMENT_TEAM = VGB9GF6S5Y;
				INFOPLIST_FILE = "Projekt-ING/Info.plist";
				IPHONEOS_DEPLOYMENT_TARGET = 12.2;
				LD_RUNPATH_SEARCH_PATHS = (
					"$(inherited)",
					"@executable_path/Frameworks",
				);
				PRODUCT_BUNDLE_IDENTIFIER = "com.konradrybicki.Projekt-ING";
				PRODUCT_NAME = "Projekt ING";
				SWIFT_VERSION = 5.0;
				TARGETED_DEVICE_FAMILY = 1;
			};
			name = Debug;
		};
		71948405244F166C0017BFBB /* Release */ = {
			isa = XCBuildConfiguration;
			buildSettings = {
				ASSETCATALOG_COMPILER_APPICON_NAME = AppIcon;
				CODE_SIGN_STYLE = Automatic;
				DEVELOPMENT_TEAM = VGB9GF6S5Y;
				INFOPLIST_FILE = "Projekt-ING/Info.plist";
				IPHONEOS_DEPLOYMENT_TARGET = 12.2;
				LD_RUNPATH_SEARCH_PATHS = (
					"$(inherited)",
					"@executable_path/Frameworks",
				);
				PRODUCT_BUNDLE_IDENTIFIER = "com.konradrybicki.Projekt-ING";
				PRODUCT_NAME = "Projekt ING";
				SWIFT_VERSION = 5.0;
				TARGETED_DEVICE_FAMILY = 1;
			};
			name = Release;
		};
/* End XCBuildConfiguration section */

/* Begin XCConfigurationList section */
		719483EA244F16640017BFBB /* Build configuration list for PBXProject "Projekt-ING" */ = {
			isa = XCConfigurationList;
			buildConfigurations = (
				71948401244F166C0017BFBB /* Debug */,
				71948402244F166C0017BFBB /* Release */,
			);
			defaultConfigurationIsVisible = 0;
			defaultConfigurationName = Release;
		};
		71948403244F166C0017BFBB /* Build configuration list for PBXNativeTarget "Projekt-ING" */ = {
			isa = XCConfigurationList;
			buildConfigurations = (
				71948404244F166C0017BFBB /* Debug */,
				71948405244F166C0017BFBB /* Release */,
			);
			defaultConfigurationIsVisible = 0;
			defaultConfigurationName = Release;
		};
/* End XCConfigurationList section */
	};
	rootObject = 719483E7244F16640017BFBB /* Project object */;
}
